// !$*UTF8*$!
{
	archiveVersion = 1;
	classes = {
	};
	objectVersion = 46;
	objects = {

/* Begin PBXBuildFile section */
		3D28E30A59D883DD0C5C0D33 /* libPods.a in Frameworks */ = {isa = PBXBuildFile; fileRef = 9F35F9030853CED57C0FFCC9 /* libPods.a */; };
		890DAFD01A6A262B0003D775 /* LoginViewController.m in Sources */ = {isa = PBXBuildFile; fileRef = 890DAFCF1A6A262B0003D775 /* LoginViewController.m */; };
		890DAFD31A6A26B40003D775 /* BorderedButton.swift in Sources */ = {isa = PBXBuildFile; fileRef = 890DAFD21A6A26B40003D775 /* BorderedButton.swift */; };
		890DAFD61A6A2A1E0003D775 /* LoginFieldViewController.m in Sources */ = {isa = PBXBuildFile; fileRef = 890DAFD51A6A2A1E0003D775 /* LoginFieldViewController.m */; };
		890DAFDA1A6A2D6F0003D775 /* Bolts.framework in Frameworks */ = {isa = PBXBuildFile; fileRef = 890DAFD71A6A2D6F0003D775 /* Bolts.framework */; };
		890DAFDB1A6A2D6F0003D775 /* Parse.framework in Frameworks */ = {isa = PBXBuildFile; fileRef = 890DAFD81A6A2D6F0003D775 /* Parse.framework */; };
		890DAFDC1A6A2D6F0003D775 /* ParseUI.framework in Frameworks */ = {isa = PBXBuildFile; fileRef = 890DAFD91A6A2D6F0003D775 /* ParseUI.framework */; };
		890DAFDE1A6A2DB50003D775 /* AudioToolbox.framework in Frameworks */ = {isa = PBXBuildFile; fileRef = 890DAFDD1A6A2DB50003D775 /* AudioToolbox.framework */; };
		890DAFE01A6A2DBC0003D775 /* CFNetwork.framework in Frameworks */ = {isa = PBXBuildFile; fileRef = 890DAFDF1A6A2DBC0003D775 /* CFNetwork.framework */; };
		890DAFE21A6A2DCB0003D775 /* CoreGraphics.framework in Frameworks */ = {isa = PBXBuildFile; fileRef = 890DAFE11A6A2DCB0003D775 /* CoreGraphics.framework */; };
		890DAFE41A6A2DDC0003D775 /* MobileCoreServices.framework in Frameworks */ = {isa = PBXBuildFile; fileRef = 890DAFE31A6A2DDC0003D775 /* MobileCoreServices.framework */; };
		890DAFE61A6A2DE30003D775 /* QuartzCore.framework in Frameworks */ = {isa = PBXBuildFile; fileRef = 890DAFE51A6A2DE30003D775 /* QuartzCore.framework */; };
		890DAFE81A6A2DEA0003D775 /* Security.framework in Frameworks */ = {isa = PBXBuildFile; fileRef = 890DAFE71A6A2DEA0003D775 /* Security.framework */; };
		890DAFEA1A6A2DF20003D775 /* StoreKit.framework in Frameworks */ = {isa = PBXBuildFile; fileRef = 890DAFE91A6A2DF20003D775 /* StoreKit.framework */; };
		890DAFEC1A6A2DFD0003D775 /* SystemConfiguration.framework in Frameworks */ = {isa = PBXBuildFile; fileRef = 890DAFEB1A6A2DFD0003D775 /* SystemConfiguration.framework */; };
		890DAFEE1A6A2E060003D775 /* libz.dylib in Frameworks */ = {isa = PBXBuildFile; fileRef = 890DAFED1A6A2E060003D775 /* libz.dylib */; };
		890DAFF01A6A2E120003D775 /* libsqlite3.dylib in Frameworks */ = {isa = PBXBuildFile; fileRef = 890DAFEF1A6A2E120003D775 /* libsqlite3.dylib */; };
		890DAFF41A6A2EE80003D775 /* User.m in Sources */ = {isa = PBXBuildFile; fileRef = 890DAFF31A6A2EE80003D775 /* User.m */; };
		890DAFF71A6A32AC0003D775 /* ChallengesTableViewController.m in Sources */ = {isa = PBXBuildFile; fileRef = 890DAFF61A6A32AC0003D775 /* ChallengesTableViewController.m */; };
		890DAFF91A6A429D0003D775 /* Social.framework in Frameworks */ = {isa = PBXBuildFile; fileRef = 890DAFF81A6A429D0003D775 /* Social.framework */; };
		890DAFFB1A6A42A40003D775 /* Accounts.framework in Frameworks */ = {isa = PBXBuildFile; fileRef = 890DAFFA1A6A42A40003D775 /* Accounts.framework */; };
		890DB0031A6A63D00003D775 /* LocationDelegate.m in Sources */ = {isa = PBXBuildFile; fileRef = 890DB0021A6A63D00003D775 /* LocationDelegate.m */; };
		890DB00A1A6A65730003D775 /* MapCell.m in Sources */ = {isa = PBXBuildFile; fileRef = 890DB0081A6A65730003D775 /* MapCell.m */; };
		890DB00B1A6A65730003D775 /* MapCell.xib in Resources */ = {isa = PBXBuildFile; fileRef = 890DB0091A6A65730003D775 /* MapCell.xib */; };
		890DB00D1A6A669B0003D775 /* MapKit.framework in Frameworks */ = {isa = PBXBuildFile; fileRef = 890DB00C1A6A669B0003D775 /* MapKit.framework */; };
		890DB0111A6A66D60003D775 /* DetailsCell.m in Sources */ = {isa = PBXBuildFile; fileRef = 890DB00F1A6A66D60003D775 /* DetailsCell.m */; };
		890DB0121A6A66D60003D775 /* DetailsCell.xib in Resources */ = {isa = PBXBuildFile; fileRef = 890DB0101A6A66D60003D775 /* DetailsCell.xib */; };
		890DB0161A6A6ABD0003D775 /* ContactCell.m in Sources */ = {isa = PBXBuildFile; fileRef = 890DB0141A6A6ABD0003D775 /* ContactCell.m */; };
		890DB0171A6A6ABD0003D775 /* ContactCell.xib in Resources */ = {isa = PBXBuildFile; fileRef = 890DB0151A6A6ABD0003D775 /* ContactCell.xib */; };
		8911EC831A69F8F00044530F /* main.m in Sources */ = {isa = PBXBuildFile; fileRef = 8911EC821A69F8F00044530F /* main.m */; };
		8911EC861A69F8F00044530F /* AppDelegate.m in Sources */ = {isa = PBXBuildFile; fileRef = 8911EC851A69F8F00044530F /* AppDelegate.m */; };
		8911EC891A69F8F00044530F /* ViewController.m in Sources */ = {isa = PBXBuildFile; fileRef = 8911EC881A69F8F00044530F /* ViewController.m */; };
		8911EC8C1A69F8F00044530F /* Main.storyboard in Resources */ = {isa = PBXBuildFile; fileRef = 8911EC8A1A69F8F00044530F /* Main.storyboard */; };
		8911EC8E1A69F8F00044530F /* Images.xcassets in Resources */ = {isa = PBXBuildFile; fileRef = 8911EC8D1A69F8F00044530F /* Images.xcassets */; };
		8911EC911A69F8F00044530F /* LaunchScreen.xib in Resources */ = {isa = PBXBuildFile; fileRef = 8911EC8F1A69F8F00044530F /* LaunchScreen.xib */; };
		8911EC9D1A69F8F00044530F /* MHacks_ProjectTests.m in Sources */ = {isa = PBXBuildFile; fileRef = 8911EC9C1A69F8F00044530F /* MHacks_ProjectTests.m */; };
		8911ECA81A69FB4B0044530F /* ChallengesBaseTableViewController.m in Sources */ = {isa = PBXBuildFile; fileRef = 8911ECA71A69FB4B0044530F /* ChallengesBaseTableViewController.m */; };
		8911ECAB1A69FB5B0044530F /* Challenge.m in Sources */ = {isa = PBXBuildFile; fileRef = 8911ECAA1A69FB5B0044530F /* Challenge.m */; };
		8911ECAD1A69FC080044530F /* CoreLocation.framework in Frameworks */ = {isa = PBXBuildFile; fileRef = 8911ECAC1A69FC080044530F /* CoreLocation.framework */; };
		8911ECAF1A69FC100044530F /* GameKit.framework in Frameworks */ = {isa = PBXBuildFile; fileRef = 8911ECAE1A69FC100044530F /* GameKit.framework */; };
		8911ECB21A69FD260044530F /* Organization.m in Sources */ = {isa = PBXBuildFile; fileRef = 8911ECB11A69FD260044530F /* Organization.m */; };
		8911ECB61A69FE2B0044530F /* ContactPerson.m in Sources */ = {isa = PBXBuildFile; fileRef = 8911ECB51A69FE2B0044530F /* ContactPerson.m */; };
		8911ECB91A6A00040044530F /* ChallengeDetailTableViewController.m in Sources */ = {isa = PBXBuildFile; fileRef = 8911ECB81A6A00040044530F /* ChallengeDetailTableViewController.m */; };
		8911ECBC1A6A01CA0044530F /* OrganizationDetailTableViewController.m in Sources */ = {isa = PBXBuildFile; fileRef = 8911ECBB1A6A01CA0044530F /* OrganizationDetailTableViewController.m */; };
		8911ECC31A6A089A0044530F /* ChallengeCell.m in Sources */ = {isa = PBXBuildFile; fileRef = 8911ECC11A6A089A0044530F /* ChallengeCell.m */; };
		8911ECC41A6A089A0044530F /* ChallengeCell.xib in Resources */ = {isa = PBXBuildFile; fileRef = 8911ECC21A6A089A0044530F /* ChallengeCell.xib */; };
		89AFE3D31A6A910600832877 /* CLLocation+CLLLocation_Address.m in Sources */ = {isa = PBXBuildFile; fileRef = 89AFE3D21A6A910600832877 /* CLLocation+CLLLocation_Address.m */; };
		89AFE3D61A6AD70100832877 /* DiscoverViewController.m in Sources */ = {isa = PBXBuildFile; fileRef = 89AFE3D51A6AD70100832877 /* DiscoverViewController.m */; };
		89AFE3DD1A6AE2D000832877 /* UserInfoCell.m in Sources */ = {isa = PBXBuildFile; fileRef = 89AFE3DB1A6AE2D000832877 /* UserInfoCell.m */; };
		89AFE3DE1A6AE2D000832877 /* UserInfoCell.xib in Resources */ = {isa = PBXBuildFile; fileRef = 89AFE3DC1A6AE2D000832877 /* UserInfoCell.xib */; };
		89AFE3E11A6B32BE00832877 /* ProfileTableViewController.m in Sources */ = {isa = PBXBuildFile; fileRef = 89AFE3E01A6B32BE00832877 /* ProfileTableViewController.m */; };
/* End PBXBuildFile section */

/* Begin PBXContainerItemProxy section */
		8911EC971A69F8F00044530F /* PBXContainerItemProxy */ = {
			isa = PBXContainerItemProxy;
			containerPortal = 8911EC751A69F8F00044530F /* Project object */;
			proxyType = 1;
			remoteGlobalIDString = 8911EC7C1A69F8F00044530F;
			remoteInfo = "MHacks Project";
		};
/* End PBXContainerItemProxy section */

/* Begin PBXFileReference section */
		7AEA1DA515CC9C45A592410E /* Pods.release.xcconfig */ = {isa = PBXFileReference; includeInIndex = 1; lastKnownFileType = text.xcconfig; name = Pods.release.xcconfig; path = "../Pods/Target Support Files/Pods/Pods.release.xcconfig"; sourceTree = "<group>"; };
		890DAFCD1A6A0AB80003D775 /* Constants.h */ = {isa = PBXFileReference; lastKnownFileType = sourcecode.c.h; path = Constants.h; sourceTree = "<group>"; };
		890DAFCE1A6A262B0003D775 /* LoginViewController.h */ = {isa = PBXFileReference; fileEncoding = 4; lastKnownFileType = sourcecode.c.h; path = LoginViewController.h; sourceTree = "<group>"; };
		890DAFCF1A6A262B0003D775 /* LoginViewController.m */ = {isa = PBXFileReference; fileEncoding = 4; lastKnownFileType = sourcecode.c.objc; path = LoginViewController.m; sourceTree = "<group>"; };
		890DAFD11A6A26B30003D775 /* MHacks Project-Bridging-Header.h */ = {isa = PBXFileReference; lastKnownFileType = sourcecode.c.h; path = "MHacks Project-Bridging-Header.h"; sourceTree = "<group>"; };
		890DAFD21A6A26B40003D775 /* BorderedButton.swift */ = {isa = PBXFileReference; fileEncoding = 4; lastKnownFileType = sourcecode.swift; path = BorderedButton.swift; sourceTree = "<group>"; };
		890DAFD41A6A2A1E0003D775 /* LoginFieldViewController.h */ = {isa = PBXFileReference; fileEncoding = 4; lastKnownFileType = sourcecode.c.h; path = LoginFieldViewController.h; sourceTree = "<group>"; };
		890DAFD51A6A2A1E0003D775 /* LoginFieldViewController.m */ = {isa = PBXFileReference; fileEncoding = 4; lastKnownFileType = sourcecode.c.objc; path = LoginFieldViewController.m; sourceTree = "<group>"; };
		890DAFD71A6A2D6F0003D775 /* Bolts.framework */ = {isa = PBXFileReference; lastKnownFileType = wrapper.framework; path = Bolts.framework; sourceTree = "<group>"; };
		890DAFD81A6A2D6F0003D775 /* Parse.framework */ = {isa = PBXFileReference; lastKnownFileType = wrapper.framework; path = Parse.framework; sourceTree = "<group>"; };
		890DAFD91A6A2D6F0003D775 /* ParseUI.framework */ = {isa = PBXFileReference; lastKnownFileType = wrapper.framework; path = ParseUI.framework; sourceTree = "<group>"; };
		890DAFDD1A6A2DB50003D775 /* AudioToolbox.framework */ = {isa = PBXFileReference; lastKnownFileType = wrapper.framework; name = AudioToolbox.framework; path = System/Library/Frameworks/AudioToolbox.framework; sourceTree = SDKROOT; };
		890DAFDF1A6A2DBC0003D775 /* CFNetwork.framework */ = {isa = PBXFileReference; lastKnownFileType = wrapper.framework; name = CFNetwork.framework; path = System/Library/Frameworks/CFNetwork.framework; sourceTree = SDKROOT; };
		890DAFE11A6A2DCB0003D775 /* CoreGraphics.framework */ = {isa = PBXFileReference; lastKnownFileType = wrapper.framework; name = CoreGraphics.framework; path = System/Library/Frameworks/CoreGraphics.framework; sourceTree = SDKROOT; };
		890DAFE31A6A2DDC0003D775 /* MobileCoreServices.framework */ = {isa = PBXFileReference; lastKnownFileType = wrapper.framework; name = MobileCoreServices.framework; path = System/Library/Frameworks/MobileCoreServices.framework; sourceTree = SDKROOT; };
		890DAFE51A6A2DE30003D775 /* QuartzCore.framework */ = {isa = PBXFileReference; lastKnownFileType = wrapper.framework; name = QuartzCore.framework; path = System/Library/Frameworks/QuartzCore.framework; sourceTree = SDKROOT; };
		890DAFE71A6A2DEA0003D775 /* Security.framework */ = {isa = PBXFileReference; lastKnownFileType = wrapper.framework; name = Security.framework; path = System/Library/Frameworks/Security.framework; sourceTree = SDKROOT; };
		890DAFE91A6A2DF20003D775 /* StoreKit.framework */ = {isa = PBXFileReference; lastKnownFileType = wrapper.framework; name = StoreKit.framework; path = System/Library/Frameworks/StoreKit.framework; sourceTree = SDKROOT; };
		890DAFEB1A6A2DFD0003D775 /* SystemConfiguration.framework */ = {isa = PBXFileReference; lastKnownFileType = wrapper.framework; name = SystemConfiguration.framework; path = System/Library/Frameworks/SystemConfiguration.framework; sourceTree = SDKROOT; };
		890DAFED1A6A2E060003D775 /* libz.dylib */ = {isa = PBXFileReference; lastKnownFileType = "compiled.mach-o.dylib"; name = libz.dylib; path = usr/lib/libz.dylib; sourceTree = SDKROOT; };
		890DAFEF1A6A2E120003D775 /* libsqlite3.dylib */ = {isa = PBXFileReference; lastKnownFileType = "compiled.mach-o.dylib"; name = libsqlite3.dylib; path = usr/lib/libsqlite3.dylib; sourceTree = SDKROOT; };
		890DAFF21A6A2EE80003D775 /* User.h */ = {isa = PBXFileReference; fileEncoding = 4; lastKnownFileType = sourcecode.c.h; path = User.h; sourceTree = "<group>"; };
		890DAFF31A6A2EE80003D775 /* User.m */ = {isa = PBXFileReference; fileEncoding = 4; lastKnownFileType = sourcecode.c.objc; path = User.m; sourceTree = "<group>"; };
		890DAFF51A6A32AC0003D775 /* ChallengesTableViewController.h */ = {isa = PBXFileReference; fileEncoding = 4; lastKnownFileType = sourcecode.c.h; path = ChallengesTableViewController.h; sourceTree = "<group>"; };
		890DAFF61A6A32AC0003D775 /* ChallengesTableViewController.m */ = {isa = PBXFileReference; fileEncoding = 4; lastKnownFileType = sourcecode.c.objc; path = ChallengesTableViewController.m; sourceTree = "<group>"; };
		890DAFF81A6A429D0003D775 /* Social.framework */ = {isa = PBXFileReference; lastKnownFileType = wrapper.framework; name = Social.framework; path = System/Library/Frameworks/Social.framework; sourceTree = SDKROOT; };
		890DAFFA1A6A42A40003D775 /* Accounts.framework */ = {isa = PBXFileReference; lastKnownFileType = wrapper.framework; name = Accounts.framework; path = System/Library/Frameworks/Accounts.framework; sourceTree = SDKROOT; };
		890DB0011A6A63D00003D775 /* LocationDelegate.h */ = {isa = PBXFileReference; fileEncoding = 4; lastKnownFileType = sourcecode.c.h; path = LocationDelegate.h; sourceTree = "<group>"; };
		890DB0021A6A63D00003D775 /* LocationDelegate.m */ = {isa = PBXFileReference; fileEncoding = 4; lastKnownFileType = sourcecode.c.objc; path = LocationDelegate.m; sourceTree = "<group>"; };
		890DB0071A6A65730003D775 /* MapCell.h */ = {isa = PBXFileReference; fileEncoding = 4; lastKnownFileType = sourcecode.c.h; path = MapCell.h; sourceTree = "<group>"; };
		890DB0081A6A65730003D775 /* MapCell.m */ = {isa = PBXFileReference; fileEncoding = 4; lastKnownFileType = sourcecode.c.objc; path = MapCell.m; sourceTree = "<group>"; };
		890DB0091A6A65730003D775 /* MapCell.xib */ = {isa = PBXFileReference; fileEncoding = 4; lastKnownFileType = file.xib; path = MapCell.xib; sourceTree = "<group>"; };
		890DB00C1A6A669B0003D775 /* MapKit.framework */ = {isa = PBXFileReference; lastKnownFileType = wrapper.framework; name = MapKit.framework; path = System/Library/Frameworks/MapKit.framework; sourceTree = SDKROOT; };
		890DB00E1A6A66D60003D775 /* DetailsCell.h */ = {isa = PBXFileReference; fileEncoding = 4; lastKnownFileType = sourcecode.c.h; path = DetailsCell.h; sourceTree = "<group>"; };
		890DB00F1A6A66D60003D775 /* DetailsCell.m */ = {isa = PBXFileReference; fileEncoding = 4; lastKnownFileType = sourcecode.c.objc; path = DetailsCell.m; sourceTree = "<group>"; };
		890DB0101A6A66D60003D775 /* DetailsCell.xib */ = {isa = PBXFileReference; fileEncoding = 4; lastKnownFileType = file.xib; path = DetailsCell.xib; sourceTree = "<group>"; };
		890DB0131A6A6ABD0003D775 /* ContactCell.h */ = {isa = PBXFileReference; fileEncoding = 4; lastKnownFileType = sourcecode.c.h; path = ContactCell.h; sourceTree = "<group>"; };
		890DB0141A6A6ABD0003D775 /* ContactCell.m */ = {isa = PBXFileReference; fileEncoding = 4; lastKnownFileType = sourcecode.c.objc; path = ContactCell.m; sourceTree = "<group>"; };
		890DB0151A6A6ABD0003D775 /* ContactCell.xib */ = {isa = PBXFileReference; fileEncoding = 4; lastKnownFileType = file.xib; path = ContactCell.xib; sourceTree = "<group>"; };
		8911EC7D1A69F8F00044530F /* Volunteriffy.app */ = {isa = PBXFileReference; explicitFileType = wrapper.application; includeInIndex = 0; path = Volunteriffy.app; sourceTree = BUILT_PRODUCTS_DIR; };
		8911EC811A69F8F00044530F /* Info.plist */ = {isa = PBXFileReference; lastKnownFileType = text.plist.xml; path = Info.plist; sourceTree = "<group>"; };
		8911EC821A69F8F00044530F /* main.m */ = {isa = PBXFileReference; lastKnownFileType = sourcecode.c.objc; path = main.m; sourceTree = "<group>"; };
		8911EC841A69F8F00044530F /* AppDelegate.h */ = {isa = PBXFileReference; lastKnownFileType = sourcecode.c.h; path = AppDelegate.h; sourceTree = "<group>"; };
		8911EC851A69F8F00044530F /* AppDelegate.m */ = {isa = PBXFileReference; lastKnownFileType = sourcecode.c.objc; path = AppDelegate.m; sourceTree = "<group>"; };
		8911EC871A69F8F00044530F /* ViewController.h */ = {isa = PBXFileReference; lastKnownFileType = sourcecode.c.h; path = ViewController.h; sourceTree = "<group>"; };
		8911EC881A69F8F00044530F /* ViewController.m */ = {isa = PBXFileReference; lastKnownFileType = sourcecode.c.objc; path = ViewController.m; sourceTree = "<group>"; };
		8911EC8B1A69F8F00044530F /* Base */ = {isa = PBXFileReference; lastKnownFileType = file.storyboard; name = Base; path = Base.lproj/Main.storyboard; sourceTree = "<group>"; };
		8911EC8D1A69F8F00044530F /* Images.xcassets */ = {isa = PBXFileReference; lastKnownFileType = folder.assetcatalog; path = Images.xcassets; sourceTree = "<group>"; };
		8911EC901A69F8F00044530F /* Base */ = {isa = PBXFileReference; lastKnownFileType = file.xib; name = Base; path = Base.lproj/LaunchScreen.xib; sourceTree = "<group>"; };
		8911EC961A69F8F00044530F /* MHacks ProjectTests.xctest */ = {isa = PBXFileReference; explicitFileType = wrapper.cfbundle; includeInIndex = 0; path = "MHacks ProjectTests.xctest"; sourceTree = BUILT_PRODUCTS_DIR; };
		8911EC9B1A69F8F00044530F /* Info.plist */ = {isa = PBXFileReference; lastKnownFileType = text.plist.xml; path = Info.plist; sourceTree = "<group>"; };
		8911EC9C1A69F8F00044530F /* MHacks_ProjectTests.m */ = {isa = PBXFileReference; lastKnownFileType = sourcecode.c.objc; path = MHacks_ProjectTests.m; sourceTree = "<group>"; };
		8911ECA61A69FB4B0044530F /* ChallengesBaseTableViewController.h */ = {isa = PBXFileReference; fileEncoding = 4; lastKnownFileType = sourcecode.c.h; path = ChallengesBaseTableViewController.h; sourceTree = "<group>"; };
		8911ECA71A69FB4B0044530F /* ChallengesBaseTableViewController.m */ = {isa = PBXFileReference; fileEncoding = 4; lastKnownFileType = sourcecode.c.objc; path = ChallengesBaseTableViewController.m; sourceTree = "<group>"; };
		8911ECA91A69FB5B0044530F /* Challenge.h */ = {isa = PBXFileReference; fileEncoding = 4; lastKnownFileType = sourcecode.c.h; path = Challenge.h; sourceTree = "<group>"; };
		8911ECAA1A69FB5B0044530F /* Challenge.m */ = {isa = PBXFileReference; fileEncoding = 4; lastKnownFileType = sourcecode.c.objc; path = Challenge.m; sourceTree = "<group>"; };
		8911ECAC1A69FC080044530F /* CoreLocation.framework */ = {isa = PBXFileReference; lastKnownFileType = wrapper.framework; name = CoreLocation.framework; path = System/Library/Frameworks/CoreLocation.framework; sourceTree = SDKROOT; };
		8911ECAE1A69FC100044530F /* GameKit.framework */ = {isa = PBXFileReference; lastKnownFileType = wrapper.framework; name = GameKit.framework; path = System/Library/Frameworks/GameKit.framework; sourceTree = SDKROOT; };
		8911ECB01A69FD260044530F /* Organization.h */ = {isa = PBXFileReference; fileEncoding = 4; lastKnownFileType = sourcecode.c.h; path = Organization.h; sourceTree = "<group>"; };
		8911ECB11A69FD260044530F /* Organization.m */ = {isa = PBXFileReference; fileEncoding = 4; lastKnownFileType = sourcecode.c.objc; path = Organization.m; sourceTree = "<group>"; };
		8911ECB41A69FE2B0044530F /* ContactPerson.h */ = {isa = PBXFileReference; fileEncoding = 4; lastKnownFileType = sourcecode.c.h; path = ContactPerson.h; sourceTree = "<group>"; };
		8911ECB51A69FE2B0044530F /* ContactPerson.m */ = {isa = PBXFileReference; fileEncoding = 4; lastKnownFileType = sourcecode.c.objc; path = ContactPerson.m; sourceTree = "<group>"; };
		8911ECB71A6A00040044530F /* ChallengeDetailTableViewController.h */ = {isa = PBXFileReference; fileEncoding = 4; lastKnownFileType = sourcecode.c.h; path = ChallengeDetailTableViewController.h; sourceTree = "<group>"; };
		8911ECB81A6A00040044530F /* ChallengeDetailTableViewController.m */ = {isa = PBXFileReference; fileEncoding = 4; lastKnownFileType = sourcecode.c.objc; path = ChallengeDetailTableViewController.m; sourceTree = "<group>"; };
		8911ECBA1A6A01CA0044530F /* OrganizationDetailTableViewController.h */ = {isa = PBXFileReference; fileEncoding = 4; lastKnownFileType = sourcecode.c.h; path = OrganizationDetailTableViewController.h; sourceTree = "<group>"; };
		8911ECBB1A6A01CA0044530F /* OrganizationDetailTableViewController.m */ = {isa = PBXFileReference; fileEncoding = 4; lastKnownFileType = sourcecode.c.objc; path = OrganizationDetailTableViewController.m; sourceTree = "<group>"; };
		8911ECC01A6A089A0044530F /* ChallengeCell.h */ = {isa = PBXFileReference; fileEncoding = 4; lastKnownFileType = sourcecode.c.h; path = ChallengeCell.h; sourceTree = "<group>"; };
		8911ECC11A6A089A0044530F /* ChallengeCell.m */ = {isa = PBXFileReference; fileEncoding = 4; lastKnownFileType = sourcecode.c.objc; path = ChallengeCell.m; sourceTree = "<group>"; };
		8911ECC21A6A089A0044530F /* ChallengeCell.xib */ = {isa = PBXFileReference; fileEncoding = 4; lastKnownFileType = file.xib; path = ChallengeCell.xib; sourceTree = "<group>"; };
		89AFE3D11A6A910600832877 /* CLLocation+CLLLocation_Address.h */ = {isa = PBXFileReference; fileEncoding = 4; lastKnownFileType = sourcecode.c.h; path = "CLLocation+CLLLocation_Address.h"; sourceTree = "<group>"; };
		89AFE3D21A6A910600832877 /* CLLocation+CLLLocation_Address.m */ = {isa = PBXFileReference; fileEncoding = 4; lastKnownFileType = sourcecode.c.objc; path = "CLLocation+CLLLocation_Address.m"; sourceTree = "<group>"; };
		89AFE3D41A6AD70100832877 /* DiscoverViewController.h */ = {isa = PBXFileReference; fileEncoding = 4; lastKnownFileType = sourcecode.c.h; path = DiscoverViewController.h; sourceTree = "<group>"; };
		89AFE3D51A6AD70100832877 /* DiscoverViewController.m */ = {isa = PBXFileReference; fileEncoding = 4; lastKnownFileType = sourcecode.c.objc; path = DiscoverViewController.m; sourceTree = "<group>"; };
		89AFE3DA1A6AE2D000832877 /* UserInfoCell.h */ = {isa = PBXFileReference; fileEncoding = 4; lastKnownFileType = sourcecode.c.h; path = UserInfoCell.h; sourceTree = "<group>"; };
		89AFE3DB1A6AE2D000832877 /* UserInfoCell.m */ = {isa = PBXFileReference; fileEncoding = 4; lastKnownFileType = sourcecode.c.objc; path = UserInfoCell.m; sourceTree = "<group>"; };
		89AFE3DC1A6AE2D000832877 /* UserInfoCell.xib */ = {isa = PBXFileReference; fileEncoding = 4; lastKnownFileType = file.xib; path = UserInfoCell.xib; sourceTree = "<group>"; };
		89AFE3DF1A6B32BE00832877 /* ProfileTableViewController.h */ = {isa = PBXFileReference; fileEncoding = 4; lastKnownFileType = sourcecode.c.h; path = ProfileTableViewController.h; sourceTree = "<group>"; };
		89AFE3E01A6B32BE00832877 /* ProfileTableViewController.m */ = {isa = PBXFileReference; fileEncoding = 4; lastKnownFileType = sourcecode.c.objc; path = ProfileTableViewController.m; sourceTree = "<group>"; };
		923CD310BBBDD733C5BF5406 /* Pods.debug.xcconfig */ = {isa = PBXFileReference; includeInIndex = 1; lastKnownFileType = text.xcconfig; name = Pods.debug.xcconfig; path = "../Pods/Target Support Files/Pods/Pods.debug.xcconfig"; sourceTree = "<group>"; };
		9F35F9030853CED57C0FFCC9 /* libPods.a */ = {isa = PBXFileReference; explicitFileType = archive.ar; includeInIndex = 0; path = libPods.a; sourceTree = BUILT_PRODUCTS_DIR; };
/* End PBXFileReference section */

/* Begin PBXFrameworksBuildPhase section */
		8911EC7A1A69F8F00044530F /* Frameworks */ = {
			isa = PBXFrameworksBuildPhase;
			buildActionMask = 2147483647;
			files = (
				890DB00D1A6A669B0003D775 /* MapKit.framework in Frameworks */,
				890DAFFB1A6A42A40003D775 /* Accounts.framework in Frameworks */,
				890DAFF91A6A429D0003D775 /* Social.framework in Frameworks */,
				890DAFF01A6A2E120003D775 /* libsqlite3.dylib in Frameworks */,
				890DAFEE1A6A2E060003D775 /* libz.dylib in Frameworks */,
				890DAFEC1A6A2DFD0003D775 /* SystemConfiguration.framework in Frameworks */,
				890DAFEA1A6A2DF20003D775 /* StoreKit.framework in Frameworks */,
				890DAFE81A6A2DEA0003D775 /* Security.framework in Frameworks */,
				890DAFE61A6A2DE30003D775 /* QuartzCore.framework in Frameworks */,
				890DAFE41A6A2DDC0003D775 /* MobileCoreServices.framework in Frameworks */,
				890DAFE21A6A2DCB0003D775 /* CoreGraphics.framework in Frameworks */,
				890DAFE01A6A2DBC0003D775 /* CFNetwork.framework in Frameworks */,
				890DAFDE1A6A2DB50003D775 /* AudioToolbox.framework in Frameworks */,
				890DAFDA1A6A2D6F0003D775 /* Bolts.framework in Frameworks */,
				8911ECAF1A69FC100044530F /* GameKit.framework in Frameworks */,
				890DAFDC1A6A2D6F0003D775 /* ParseUI.framework in Frameworks */,
				890DAFDB1A6A2D6F0003D775 /* Parse.framework in Frameworks */,
				8911ECAD1A69FC080044530F /* CoreLocation.framework in Frameworks */,
				3D28E30A59D883DD0C5C0D33 /* libPods.a in Frameworks */,
			);
			runOnlyForDeploymentPostprocessing = 0;
		};
		8911EC931A69F8F00044530F /* Frameworks */ = {
			isa = PBXFrameworksBuildPhase;
			buildActionMask = 2147483647;
			files = (
			);
			runOnlyForDeploymentPostprocessing = 0;
		};
/* End PBXFrameworksBuildPhase section */

/* Begin PBXGroup section */
		0FBF2E17704B62F8B1BA3BF4 /* Pods */ = {
			isa = PBXGroup;
			children = (
				923CD310BBBDD733C5BF5406 /* Pods.debug.xcconfig */,
				7AEA1DA515CC9C45A592410E /* Pods.release.xcconfig */,
			);
			name = Pods;
			sourceTree = "<group>";
		};
		890DAFF11A6A2E1A0003D775 /* Frameworks */ = {
			isa = PBXGroup;
			children = (
				890DB00C1A6A669B0003D775 /* MapKit.framework */,
				890DAFFA1A6A42A40003D775 /* Accounts.framework */,
				890DAFF81A6A429D0003D775 /* Social.framework */,
				890DAFEF1A6A2E120003D775 /* libsqlite3.dylib */,
				890DAFED1A6A2E060003D775 /* libz.dylib */,
				890DAFEB1A6A2DFD0003D775 /* SystemConfiguration.framework */,
				890DAFE91A6A2DF20003D775 /* StoreKit.framework */,
				890DAFE71A6A2DEA0003D775 /* Security.framework */,
				890DAFE51A6A2DE30003D775 /* QuartzCore.framework */,
				890DAFE31A6A2DDC0003D775 /* MobileCoreServices.framework */,
				890DAFE11A6A2DCB0003D775 /* CoreGraphics.framework */,
				890DAFDF1A6A2DBC0003D775 /* CFNetwork.framework */,
				890DAFDD1A6A2DB50003D775 /* AudioToolbox.framework */,
				890DAFD71A6A2D6F0003D775 /* Bolts.framework */,
				890DAFD81A6A2D6F0003D775 /* Parse.framework */,
				890DAFD91A6A2D6F0003D775 /* ParseUI.framework */,
				8911ECAE1A69FC100044530F /* GameKit.framework */,
				8911ECAC1A69FC080044530F /* CoreLocation.framework */,
				9F35F9030853CED57C0FFCC9 /* libPods.a */,
			);
			name = Frameworks;
			sourceTree = "<group>";
		};
		8911EC741A69F8F00044530F = {
			isa = PBXGroup;
			children = (
				890DAFF11A6A2E1A0003D775 /* Frameworks */,
				8911EC7F1A69F8F00044530F /* MHacks Project */,
				8911EC991A69F8F00044530F /* MHacks ProjectTests */,
				8911EC7E1A69F8F00044530F /* Products */,
				0FBF2E17704B62F8B1BA3BF4 /* Pods */,
			);
			sourceTree = "<group>";
		};
		8911EC7E1A69F8F00044530F /* Products */ = {
			isa = PBXGroup;
			children = (
				8911EC7D1A69F8F00044530F /* Volunteriffy.app */,
				8911EC961A69F8F00044530F /* MHacks ProjectTests.xctest */,
			);
			name = Products;
			sourceTree = "<group>";
		};
		8911EC7F1A69F8F00044530F /* MHacks Project */ = {
			isa = PBXGroup;
			children = (
				890DAFCD1A6A0AB80003D775 /* Constants.h */,
				8911ECC51A6A089E0044530F /* Cells */,
				8911EC841A69F8F00044530F /* AppDelegate.h */,
				8911EC851A69F8F00044530F /* AppDelegate.m */,
				8911EC871A69F8F00044530F /* ViewController.h */,
				8911EC881A69F8F00044530F /* ViewController.m */,
				8911EC8A1A69F8F00044530F /* Main.storyboard */,
				890DAFF51A6A32AC0003D775 /* ChallengesTableViewController.h */,
				890DAFF61A6A32AC0003D775 /* ChallengesTableViewController.m */,
				89AFE3D41A6AD70100832877 /* DiscoverViewController.h */,
				89AFE3D51A6AD70100832877 /* DiscoverViewController.m */,
				890DAFD41A6A2A1E0003D775 /* LoginFieldViewController.h */,
				890DAFD51A6A2A1E0003D775 /* LoginFieldViewController.m */,
				890DAFD21A6A26B40003D775 /* BorderedButton.swift */,
				890DAFCE1A6A262B0003D775 /* LoginViewController.h */,
				890DAFCF1A6A262B0003D775 /* LoginViewController.m */,
				8911ECBA1A6A01CA0044530F /* OrganizationDetailTableViewController.h */,
				8911ECBB1A6A01CA0044530F /* OrganizationDetailTableViewController.m */,
				8911ECA61A69FB4B0044530F /* ChallengesBaseTableViewController.h */,
				8911ECA71A69FB4B0044530F /* ChallengesBaseTableViewController.m */,
				8911ECB71A6A00040044530F /* ChallengeDetailTableViewController.h */,
				8911ECB81A6A00040044530F /* ChallengeDetailTableViewController.m */,
				89AFE3DF1A6B32BE00832877 /* ProfileTableViewController.h */,
				89AFE3E01A6B32BE00832877 /* ProfileTableViewController.m */,
				8911ECB31A69FD330044530F /* Model */,
				8911EC8D1A69F8F00044530F /* Images.xcassets */,
				8911EC8F1A69F8F00044530F /* LaunchScreen.xib */,
				8911EC801A69F8F00044530F /* Supporting Files */,
				890DAFD11A6A26B30003D775 /* MHacks Project-Bridging-Header.h */,
			);
			path = "MHacks Project";
			sourceTree = "<group>";
		};
		8911EC801A69F8F00044530F /* Supporting Files */ = {
			isa = PBXGroup;
			children = (
				8911EC811A69F8F00044530F /* Info.plist */,
				8911EC821A69F8F00044530F /* main.m */,
			);
			name = "Supporting Files";
			sourceTree = "<group>";
		};
		8911EC991A69F8F00044530F /* MHacks ProjectTests */ = {
			isa = PBXGroup;
			children = (
				8911EC9C1A69F8F00044530F /* MHacks_ProjectTests.m */,
				8911EC9A1A69F8F00044530F /* Supporting Files */,
			);
			path = "MHacks ProjectTests";
			sourceTree = "<group>";
		};
		8911EC9A1A69F8F00044530F /* Supporting Files */ = {
			isa = PBXGroup;
			children = (
				8911EC9B1A69F8F00044530F /* Info.plist */,
			);
			name = "Supporting Files";
			sourceTree = "<group>";
		};
		8911ECB31A69FD330044530F /* Model */ = {
			isa = PBXGroup;
			children = (
				890DB0011A6A63D00003D775 /* LocationDelegate.h */,
				890DB0021A6A63D00003D775 /* LocationDelegate.m */,
				890DAFF21A6A2EE80003D775 /* User.h */,
				890DAFF31A6A2EE80003D775 /* User.m */,
				8911ECB41A69FE2B0044530F /* ContactPerson.h */,
				8911ECB51A69FE2B0044530F /* ContactPerson.m */,
				8911ECA91A69FB5B0044530F /* Challenge.h */,
				8911ECAA1A69FB5B0044530F /* Challenge.m */,
				8911ECB01A69FD260044530F /* Organization.h */,
				8911ECB11A69FD260044530F /* Organization.m */,
			);
			name = Model;
			sourceTree = "<group>";
		};
		8911ECC51A6A089E0044530F /* Cells */ = {
			isa = PBXGroup;
			children = (
				89AFE3DA1A6AE2D000832877 /* UserInfoCell.h */,
				89AFE3DB1A6AE2D000832877 /* UserInfoCell.m */,
				89AFE3DC1A6AE2D000832877 /* UserInfoCell.xib */,
				890DB0131A6A6ABD0003D775 /* ContactCell.h */,
				890DB0141A6A6ABD0003D775 /* ContactCell.m */,
				890DB0151A6A6ABD0003D775 /* ContactCell.xib */,
				890DB0071A6A65730003D775 /* MapCell.h */,
				890DB0081A6A65730003D775 /* MapCell.m */,
				890DB0091A6A65730003D775 /* MapCell.xib */,
				890DB00E1A6A66D60003D775 /* DetailsCell.h */,
				890DB00F1A6A66D60003D775 /* DetailsCell.m */,
				890DB0101A6A66D60003D775 /* DetailsCell.xib */,
				89AFE3D11A6A910600832877 /* CLLocation+CLLLocation_Address.h */,
				89AFE3D21A6A910600832877 /* CLLocation+CLLLocation_Address.m */,
				8911ECC01A6A089A0044530F /* ChallengeCell.h */,
				8911ECC11A6A089A0044530F /* ChallengeCell.m */,
				8911ECC21A6A089A0044530F /* ChallengeCell.xib */,
			);
			name = Cells;
			sourceTree = "<group>";
		};
/* End PBXGroup section */

/* Begin PBXNativeTarget section */
		8911EC7C1A69F8F00044530F /* Volunteriffy */ = {
			isa = PBXNativeTarget;
			buildConfigurationList = 8911ECA01A69F8F00044530F /* Build configuration list for PBXNativeTarget "Volunteriffy" */;
			buildPhases = (
				6E94C4EFDC14D6B3502318B1 /* Check Pods Manifest.lock */,
				8911EC791A69F8F00044530F /* Sources */,
				8911EC7A1A69F8F00044530F /* Frameworks */,
				8911EC7B1A69F8F00044530F /* Resources */,
				EFF5AB5D7E2839A7946C2CF3 /* Copy Pods Resources */,
			);
			buildRules = (
			);
			dependencies = (
			);
			name = Volunteriffy;
			productName = "MHacks Project";
			productReference = 8911EC7D1A69F8F00044530F /* Volunteriffy.app */;
			productType = "com.apple.product-type.application";
		};
		8911EC951A69F8F00044530F /* MHacks ProjectTests */ = {
			isa = PBXNativeTarget;
			buildConfigurationList = 8911ECA31A69F8F00044530F /* Build configuration list for PBXNativeTarget "MHacks ProjectTests" */;
			buildPhases = (
				8911EC921A69F8F00044530F /* Sources */,
				8911EC931A69F8F00044530F /* Frameworks */,
				8911EC941A69F8F00044530F /* Resources */,
			);
			buildRules = (
			);
			dependencies = (
				8911EC981A69F8F00044530F /* PBXTargetDependency */,
			);
			name = "MHacks ProjectTests";
			productName = "MHacks ProjectTests";
			productReference = 8911EC961A69F8F00044530F /* MHacks ProjectTests.xctest */;
			productType = "com.apple.product-type.bundle.unit-test";
		};
/* End PBXNativeTarget section */

/* Begin PBXProject section */
		8911EC751A69F8F00044530F /* Project object */ = {
			isa = PBXProject;
			attributes = {
				LastUpgradeCheck = 0610;
				ORGANIZATIONNAME = "Jamal E. Kharrat";
				TargetAttributes = {
					8911EC7C1A69F8F00044530F = {
						CreatedOnToolsVersion = 6.1;
						DevelopmentTeam = M8E6CKJW86;
						SystemCapabilities = {
							com.apple.BackgroundModes = {
								enabled = 0;
							};
							com.apple.Maps.iOS = {
								enabled = 0;
							};
						};
					};
					8911EC951A69F8F00044530F = {
						CreatedOnToolsVersion = 6.1;
						TestTargetID = 8911EC7C1A69F8F00044530F;
					};
				};
			};
			buildConfigurationList = 8911EC781A69F8F00044530F /* Build configuration list for PBXProject "MHacks Project" */;
			compatibilityVersion = "Xcode 3.2";
			developmentRegion = English;
			hasScannedForEncodings = 0;
			knownRegions = (
				en,
				Base,
			);
			mainGroup = 8911EC741A69F8F00044530F;
			productRefGroup = 8911EC7E1A69F8F00044530F /* Products */;
			projectDirPath = "";
			projectRoot = "";
			targets = (
				8911EC7C1A69F8F00044530F /* Volunteriffy */,
				8911EC951A69F8F00044530F /* MHacks ProjectTests */,
			);
		};
/* End PBXProject section */

/* Begin PBXResourcesBuildPhase section */
		8911EC7B1A69F8F00044530F /* Resources */ = {
			isa = PBXResourcesBuildPhase;
			buildActionMask = 2147483647;
			files = (
				8911EC8C1A69F8F00044530F /* Main.storyboard in Resources */,
				8911ECC41A6A089A0044530F /* ChallengeCell.xib in Resources */,
				8911EC911A69F8F00044530F /* LaunchScreen.xib in Resources */,
				8911EC8E1A69F8F00044530F /* Images.xcassets in Resources */,
				89AFE3DE1A6AE2D000832877 /* UserInfoCell.xib in Resources */,
				890DB0121A6A66D60003D775 /* DetailsCell.xib in Resources */,
				890DB00B1A6A65730003D775 /* MapCell.xib in Resources */,
				890DB0171A6A6ABD0003D775 /* ContactCell.xib in Resources */,
			);
			runOnlyForDeploymentPostprocessing = 0;
		};
		8911EC941A69F8F00044530F /* Resources */ = {
			isa = PBXResourcesBuildPhase;
			buildActionMask = 2147483647;
			files = (
			);
			runOnlyForDeploymentPostprocessing = 0;
		};
/* End PBXResourcesBuildPhase section */

/* Begin PBXShellScriptBuildPhase section */
		6E94C4EFDC14D6B3502318B1 /* Check Pods Manifest.lock */ = {
			isa = PBXShellScriptBuildPhase;
			buildActionMask = 2147483647;
			files = (
			);
			inputPaths = (
			);
			name = "Check Pods Manifest.lock";
			outputPaths = (
			);
			runOnlyForDeploymentPostprocessing = 0;
			shellPath = /bin/sh;
			shellScript = "diff \"${PODS_ROOT}/../Podfile.lock\" \"${PODS_ROOT}/Manifest.lock\" > /dev/null\nif [[ $? != 0 ]] ; then\n    cat << EOM\nerror: The sandbox is not in sync with the Podfile.lock. Run 'pod install' or update your CocoaPods installation.\nEOM\n    exit 1\nfi\n";
			showEnvVarsInLog = 0;
		};
		EFF5AB5D7E2839A7946C2CF3 /* Copy Pods Resources */ = {
			isa = PBXShellScriptBuildPhase;
			buildActionMask = 2147483647;
			files = (
			);
			inputPaths = (
			);
			name = "Copy Pods Resources";
			outputPaths = (
			);
			runOnlyForDeploymentPostprocessing = 0;
			shellPath = /bin/sh;
			shellScript = "\"${SRCROOT}/../Pods/Target Support Files/Pods/Pods-resources.sh\"\n";
			showEnvVarsInLog = 0;
		};
/* End PBXShellScriptBuildPhase section */

/* Begin PBXSourcesBuildPhase section */
		8911EC791A69F8F00044530F /* Sources */ = {
			isa = PBXSourcesBuildPhase;
			buildActionMask = 2147483647;
			files = (
				8911ECBC1A6A01CA0044530F /* OrganizationDetailTableViewController.m in Sources */,
				890DB0031A6A63D00003D775 /* LocationDelegate.m in Sources */,
				890DAFF71A6A32AC0003D775 /* ChallengesTableViewController.m in Sources */,
				8911ECC31A6A089A0044530F /* ChallengeCell.m in Sources */,
				890DAFD31A6A26B40003D775 /* BorderedButton.swift in Sources */,
				89AFE3E11A6B32BE00832877 /* ProfileTableViewController.m in Sources */,
				8911ECB21A69FD260044530F /* Organization.m in Sources */,
				89AFE3DD1A6AE2D000832877 /* UserInfoCell.m in Sources */,
				8911EC891A69F8F00044530F /* ViewController.m in Sources */,
				890DB0161A6A6ABD0003D775 /* ContactCell.m in Sources */,
				8911ECAB1A69FB5B0044530F /* Challenge.m in Sources */,
				890DB0111A6A66D60003D775 /* DetailsCell.m in Sources */,
				890DB00A1A6A65730003D775 /* MapCell.m in Sources */,
				8911EC861A69F8F00044530F /* AppDelegate.m in Sources */,
				890DAFD61A6A2A1E0003D775 /* LoginFieldViewController.m in Sources */,
				890DAFF41A6A2EE80003D775 /* User.m in Sources */,
				89AFE3D31A6A910600832877 /* CLLocation+CLLLocation_Address.m in Sources */,
				8911ECB91A6A00040044530F /* ChallengeDetailTableViewController.m in Sources */,
				89AFE3D61A6AD70100832877 /* DiscoverViewController.m in Sources */,
				8911ECA81A69FB4B0044530F /* ChallengesBaseTableViewController.m in Sources */,
				8911EC831A69F8F00044530F /* main.m in Sources */,
				890DAFD01A6A262B0003D775 /* LoginViewController.m in Sources */,
				8911ECB61A69FE2B0044530F /* ContactPerson.m in Sources */,
			);
			runOnlyForDeploymentPostprocessing = 0;
		};
		8911EC921A69F8F00044530F /* Sources */ = {
			isa = PBXSourcesBuildPhase;
			buildActionMask = 2147483647;
			files = (
				8911EC9D1A69F8F00044530F /* MHacks_ProjectTests.m in Sources */,
			);
			runOnlyForDeploymentPostprocessing = 0;
		};
/* End PBXSourcesBuildPhase section */

/* Begin PBXTargetDependency section */
		8911EC981A69F8F00044530F /* PBXTargetDependency */ = {
			isa = PBXTargetDependency;
			target = 8911EC7C1A69F8F00044530F /* Volunteriffy */;
			targetProxy = 8911EC971A69F8F00044530F /* PBXContainerItemProxy */;
		};
/* End PBXTargetDependency section */

/* Begin PBXVariantGroup section */
		8911EC8A1A69F8F00044530F /* Main.storyboard */ = {
			isa = PBXVariantGroup;
			children = (
				8911EC8B1A69F8F00044530F /* Base */,
			);
			name = Main.storyboard;
			sourceTree = "<group>";
		};
		8911EC8F1A69F8F00044530F /* LaunchScreen.xib */ = {
			isa = PBXVariantGroup;
			children = (
				8911EC901A69F8F00044530F /* Base */,
			);
			name = LaunchScreen.xib;
			sourceTree = "<group>";
		};
/* End PBXVariantGroup section */

/* Begin XCBuildConfiguration section */
		8911EC9E1A69F8F00044530F /* Debug */ = {
			isa = XCBuildConfiguration;
			buildSettings = {
				ALWAYS_SEARCH_USER_PATHS = NO;
				CLANG_CXX_LANGUAGE_STANDARD = "gnu++0x";
				CLANG_CXX_LIBRARY = "libc++";
				CLANG_ENABLE_MODULES = YES;
				CLANG_ENABLE_OBJC_ARC = YES;
				CLANG_WARN_BOOL_CONVERSION = YES;
				CLANG_WARN_CONSTANT_CONVERSION = YES;
				CLANG_WARN_DIRECT_OBJC_ISA_USAGE = YES_ERROR;
				CLANG_WARN_EMPTY_BODY = YES;
				CLANG_WARN_ENUM_CONVERSION = YES;
				CLANG_WARN_INT_CONVERSION = YES;
				CLANG_WARN_OBJC_ROOT_CLASS = YES_ERROR;
				CLANG_WARN_UNREACHABLE_CODE = YES;
				CLANG_WARN__DUPLICATE_METHOD_MATCH = YES;
				"CODE_SIGN_IDENTITY[sdk=iphoneos*]" = "iPhone Developer";
				COPY_PHASE_STRIP = NO;
				ENABLE_STRICT_OBJC_MSGSEND = YES;
				GCC_C_LANGUAGE_STANDARD = gnu99;
				GCC_DYNAMIC_NO_PIC = NO;
				GCC_OPTIMIZATION_LEVEL = 0;
				GCC_PREPROCESSOR_DEFINITIONS = (
					"DEBUG=1",
					"$(inherited)",
				);
				GCC_SYMBOLS_PRIVATE_EXTERN = NO;
				GCC_WARN_64_TO_32_BIT_CONVERSION = YES;
				GCC_WARN_ABOUT_RETURN_TYPE = YES_ERROR;
				GCC_WARN_UNDECLARED_SELECTOR = YES;
				GCC_WARN_UNINITIALIZED_AUTOS = YES_AGGRESSIVE;
				GCC_WARN_UNUSED_FUNCTION = YES;
				GCC_WARN_UNUSED_VARIABLE = YES;
				IPHONEOS_DEPLOYMENT_TARGET = 8.1;
				MTL_ENABLE_DEBUG_INFO = YES;
				ONLY_ACTIVE_ARCH = YES;
				SDKROOT = iphoneos;
			};
			name = Debug;
		};
		8911EC9F1A69F8F00044530F /* Release */ = {
			isa = XCBuildConfiguration;
			buildSettings = {
				ALWAYS_SEARCH_USER_PATHS = NO;
				CLANG_CXX_LANGUAGE_STANDARD = "gnu++0x";
				CLANG_CXX_LIBRARY = "libc++";
				CLANG_ENABLE_MODULES = YES;
				CLANG_ENABLE_OBJC_ARC = YES;
				CLANG_WARN_BOOL_CONVERSION = YES;
				CLANG_WARN_CONSTANT_CONVERSION = YES;
				CLANG_WARN_DIRECT_OBJC_ISA_USAGE = YES_ERROR;
				CLANG_WARN_EMPTY_BODY = YES;
				CLANG_WARN_ENUM_CONVERSION = YES;
				CLANG_WARN_INT_CONVERSION = YES;
				CLANG_WARN_OBJC_ROOT_CLASS = YES_ERROR;
				CLANG_WARN_UNREACHABLE_CODE = YES;
				CLANG_WARN__DUPLICATE_METHOD_MATCH = YES;
				"CODE_SIGN_IDENTITY[sdk=iphoneos*]" = "iPhone Developer";
				COPY_PHASE_STRIP = YES;
				ENABLE_NS_ASSERTIONS = NO;
				ENABLE_STRICT_OBJC_MSGSEND = YES;
				GCC_C_LANGUAGE_STANDARD = gnu99;
				GCC_WARN_64_TO_32_BIT_CONVERSION = YES;
				GCC_WARN_ABOUT_RETURN_TYPE = YES_ERROR;
				GCC_WARN_UNDECLARED_SELECTOR = YES;
				GCC_WARN_UNINITIALIZED_AUTOS = YES_AGGRESSIVE;
				GCC_WARN_UNUSED_FUNCTION = YES;
				GCC_WARN_UNUSED_VARIABLE = YES;
				IPHONEOS_DEPLOYMENT_TARGET = 8.1;
				MTL_ENABLE_DEBUG_INFO = NO;
				SDKROOT = iphoneos;
				VALIDATE_PRODUCT = YES;
			};
			name = Release;
		};
		8911ECA11A69F8F00044530F /* Debug */ = {
			isa = XCBuildConfiguration;
			baseConfigurationReference = 923CD310BBBDD733C5BF5406 /* Pods.debug.xcconfig */;
			buildSettings = {
				ASSETCATALOG_COMPILER_APPICON_NAME = AppIcon;
				CLANG_ENABLE_MODULES = YES;
				CODE_SIGN_IDENTITY = "iPhone Developer";
				"CODE_SIGN_IDENTITY[sdk=iphoneos*]" = "iPhone Developer";
				FRAMEWORK_SEARCH_PATHS = (
					"$(inherited)",
					"$(PROJECT_DIR)",
				);
				INFOPLIST_FILE = "MHacks Project/Info.plist";
				LD_RUNPATH_SEARCH_PATHS = "$(inherited) @executable_path/Frameworks";
				PRODUCT_NAME = "$(TARGET_NAME)";
				PROVISIONING_PROFILE = "";
				SWIFT_OBJC_BRIDGING_HEADER = "MHacks Project/MHacks Project-Bridging-Header.h";
				SWIFT_OPTIMIZATION_LEVEL = "-Onone";
			};
			name = Debug;
		};
		8911ECA21A69F8F00044530F /* Release */ = {
			isa = XCBuildConfiguration;
			baseConfigurationReference = 7AEA1DA515CC9C45A592410E /* Pods.release.xcconfig */;
			buildSettings = {
				ASSETCATALOG_COMPILER_APPICON_NAME = AppIcon;
				CLANG_ENABLE_MODULES = YES;
				CODE_SIGN_IDENTITY = "iPhone Developer";
				"CODE_SIGN_IDENTITY[sdk=iphoneos*]" = "iPhone Developer";
				FRAMEWORK_SEARCH_PATHS = (
					"$(inherited)",
					"$(PROJECT_DIR)",
				);
				INFOPLIST_FILE = "MHacks Project/Info.plist";
				LD_RUNPATH_SEARCH_PATHS = "$(inherited) @executable_path/Frameworks";
				PRODUCT_NAME = "$(TARGET_NAME)";
				PROVISIONING_PROFILE = "";
				SWIFT_OBJC_BRIDGING_HEADER = "MHacks Project/MHacks Project-Bridging-Header.h";
			};
			name = Release;
		};
		8911ECA41A69F8F00044530F /* Debug */ = {
			isa = XCBuildConfiguration;
			buildSettings = {
				BUNDLE_LOADER = "$(TEST_HOST)";
				FRAMEWORK_SEARCH_PATHS = (
					"$(SDKROOT)/Developer/Library/Frameworks",
					"$(inherited)",
				);
				GCC_PREPROCESSOR_DEFINITIONS = (
					"DEBUG=1",
					"$(inherited)",
				);
				INFOPLIST_FILE = "MHacks ProjectTests/Info.plist";
				LD_RUNPATH_SEARCH_PATHS = "$(inherited) @executable_path/Frameworks @loader_path/Frameworks";
				PRODUCT_NAME = "$(TARGET_NAME)";
				TEST_HOST = "$(BUILT_PRODUCTS_DIR)/MHacks Project.app/MHacks Project";
			};
			name = Debug;
		};
		8911ECA51A69F8F00044530F /* Release */ = {
			isa = XCBuildConfiguration;
			buildSettings = {
				BUNDLE_LOADER = "$(TEST_HOST)";
				FRAMEWORK_SEARCH_PATHS = (
					"$(SDKROOT)/Developer/Library/Frameworks",
					"$(inherited)",
				);
				INFOPLIST_FILE = "MHacks ProjectTests/Info.plist";
				LD_RUNPATH_SEARCH_PATHS = "$(inherited) @executable_path/Frameworks @loader_path/Frameworks";
				PRODUCT_NAME = "$(TARGET_NAME)";
				TEST_HOST = "$(BUILT_PRODUCTS_DIR)/MHacks Project.app/MHacks Project";
			};
			name = Release;
		};
/* End XCBuildConfiguration section */

/* Begin XCConfigurationList section */
		8911EC781A69F8F00044530F /* Build configuration list for PBXProject "MHacks Project" */ = {
			isa = XCConfigurationList;
			buildConfigurations = (
				8911EC9E1A69F8F00044530F /* Debug */,
				8911EC9F1A69F8F00044530F /* Release */,
			);
			defaultConfigurationIsVisible = 0;
			defaultConfigurationName = Release;
		};
		8911ECA01A69F8F00044530F /* Build configuration list for PBXNativeTarget "Volunteriffy" */ = {
			isa = XCConfigurationList;
			buildConfigurations = (
				8911ECA11A69F8F00044530F /* Debug */,
				8911ECA21A69F8F00044530F /* Release */,
			);
			defaultConfigurationIsVisible = 0;
			defaultConfigurationName = Release;
		};
		8911ECA31A69F8F00044530F /* Build configuration list for PBXNativeTarget "MHacks ProjectTests" */ = {
			isa = XCConfigurationList;
			buildConfigurations = (
				8911ECA41A69F8F00044530F /* Debug */,
				8911ECA51A69F8F00044530F /* Release */,
			);
			defaultConfigurationIsVisible = 0;
			defaultConfigurationName = Release;
		};
/* End XCConfigurationList section */
	};
	rootObject = 8911EC751A69F8F00044530F /* Project object */;
}
